// !$*UTF8*$!
{
	archiveVersion = 1;
	classes = {
	};
	objectVersion = 54;
	objects = {

/* Begin PBXBuildFile section */
		00E356F31AD99517003FC87E /* Dieting_AppTests.m in Sources */ = {isa = PBXBuildFile; fileRef = 00E356F21AD99517003FC87E /* Dieting_AppTests.m */; };
		13B07FBC1A68108700A75B9A /* AppDelegate.m in Sources */ = {isa = PBXBuildFile; fileRef = 13B07FB01A68108700A75B9A /* AppDelegate.m */; };
		13B07FBF1A68108700A75B9A /* Images.xcassets in Resources */ = {isa = PBXBuildFile; fileRef = 13B07FB51A68108700A75B9A /* Images.xcassets */; };
		13B07FC11A68108700A75B9A /* main.m in Sources */ = {isa = PBXBuildFile; fileRef = 13B07FB71A68108700A75B9A /* main.m */; };
		81AB9BB82411601600AC10FF /* LaunchScreen.storyboard in Resources */ = {isa = PBXBuildFile; fileRef = 81AB9BB72411601600AC10FF /* LaunchScreen.storyboard */; };
		3909AAF12F1B4992AFC9DA9F /* AntDesign.ttf in Resources */ = {isa = PBXBuildFile; fileRef = 2B576AEFD58A4AF6BF231C36 /* AntDesign.ttf */; };
		2A8ADE29B6EC4EBDBD8B16EF /* Entypo.ttf in Resources */ = {isa = PBXBuildFile; fileRef = 029C13BCAACA4917AA35CB4A /* Entypo.ttf */; };
		8616A70E9F3C40A18B7C2037 /* EvilIcons.ttf in Resources */ = {isa = PBXBuildFile; fileRef = DB32FCF6D7B04C69AF9508E7 /* EvilIcons.ttf */; };
		0E331BB71C8B4CB59517BD4D /* Feather.ttf in Resources */ = {isa = PBXBuildFile; fileRef = 848FEE4613404AA5BCDC5374 /* Feather.ttf */; };
		4538509D9E484662AE5BDBA3 /* FontAwesome.ttf in Resources */ = {isa = PBXBuildFile; fileRef = 77B7852224274F4486074AA3 /* FontAwesome.ttf */; };
		FB34EA27FF8C4F1EBA5752F3 /* FontAwesome5_Brands.ttf in Resources */ = {isa = PBXBuildFile; fileRef = 12ADC3D783EE4F9682C16FD8 /* FontAwesome5_Brands.ttf */; };
		18672724857E480AA6E18D75 /* FontAwesome5_Regular.ttf in Resources */ = {isa = PBXBuildFile; fileRef = ED63E5E11E43424DAC5BA880 /* FontAwesome5_Regular.ttf */; };
		AF006979F8CD4981BFBD26DC /* FontAwesome5_Solid.ttf in Resources */ = {isa = PBXBuildFile; fileRef = C7171F9F9B6B46B3B5C36DE2 /* FontAwesome5_Solid.ttf */; };
		B5720D9631E44377869182C8 /* Fontisto.ttf in Resources */ = {isa = PBXBuildFile; fileRef = 294F47D118B644E0BE65E920 /* Fontisto.ttf */; };
		FE6BCF0EFEE540CFAF8B1223 /* Foundation.ttf in Resources */ = {isa = PBXBuildFile; fileRef = 8AF8F4C3E79E4F6FBADA4CD3 /* Foundation.ttf */; };
		5AAC84C7A2E648919F88CE93 /* Ionicons.ttf in Resources */ = {isa = PBXBuildFile; fileRef = 474D3B20255441CD9ECA44CE /* Ionicons.ttf */; };
		185923D0C1A14E7B843D5E13 /* MaterialCommunityIcons.ttf in Resources */ = {isa = PBXBuildFile; fileRef = D981A3C890D24641B97E2266 /* MaterialCommunityIcons.ttf */; };
		CA6135417B8642E7A266B401 /* MaterialIcons.ttf in Resources */ = {isa = PBXBuildFile; fileRef = CAFA529400984F57923333DA /* MaterialIcons.ttf */; };
		0508D6E2DDB84EE68E53814A /* Octicons.ttf in Resources */ = {isa = PBXBuildFile; fileRef = 0F45E5EC263F4958BB98E745 /* Octicons.ttf */; };
		66E261ABF313498AA84A514C /* SimpleLineIcons.ttf in Resources */ = {isa = PBXBuildFile; fileRef = E502D8E0A8EE4E2DA7B717EE /* SimpleLineIcons.ttf */; };
		9E4213C71607442D91088CFD /* Zocial.ttf in Resources */ = {isa = PBXBuildFile; fileRef = FB44492D05DB406DAE32ABB4 /* Zocial.ttf */; };
		B3DA7F04EDB740C3B4188E8E /* _PDMS_Saleem_QuranFont.ttf in Resources */ = {isa = PBXBuildFile; fileRef = 486A65CC4E76400686064628 /* _PDMS_Saleem_QuranFont.ttf */; };
		472AE56265704F7090563240 /* 10MucZeit-Medium.ttf in Resources */ = {isa = PBXBuildFile; fileRef = 0E3CEF04C42E4875881F1CC8 /* 10MucZeit-Medium.ttf */; };
		F28EFCF532F8411A99E72600 /* AdobeArabic-Regular.otf in Resources */ = {isa = PBXBuildFile; fileRef = 628F27AD51C845A786040CAB /* AdobeArabic-Regular.otf */; };
		CB4124755047487AA2796B9E /* AlQalamQuranMajeedWeb.ttf in Resources */ = {isa = PBXBuildFile; fileRef = B0A7AD0062D34DCB8E12D6BF /* AlQalamQuranMajeedWeb.ttf */; };
		4946A148C51047D58274FBAC /* Aslam.ttf in Resources */ = {isa = PBXBuildFile; fileRef = 5B957D83F4C1445A81D75823 /* Aslam.ttf */; };
		0DF1E726349A43E0868963FF /* FajerNooriNastalique.ttf in Resources */ = {isa = PBXBuildFile; fileRef = D66A3F7743744F7B8889D2EF /* FajerNooriNastalique.ttf */; };
		408D7A2FDF0A4CBAB7B1F629 /* GeezaPro.ttc in Resources */ = {isa = PBXBuildFile; fileRef = 781BA0A9F9764269B03E7779 /* GeezaPro.ttc */; };
		95CBE40F531E47DBB42C9B5F /* Jameel-Noori-Nastaleeq-Kasheeda.ttf in Resources */ = {isa = PBXBuildFile; fileRef = 82434EFF6EA64CDFAE5D5F59 /* Jameel-Noori-Nastaleeq-Kasheeda.ttf */; };
		B9F7D3E886B64599B518EE4F /* Jameel-Noori-Nastaleeq.ttf in Resources */ = {isa = PBXBuildFile; fileRef = 95A70B9B12AE4BA9ABACD3DE /* Jameel-Noori-Nastaleeq.ttf */; };
		3689B88D67E1425A97F06CE5 /* MehrNastaliqWeb.ttf in Resources */ = {isa = PBXBuildFile; fileRef = BE778E81B4BD4F279B89DD10 /* MehrNastaliqWeb.ttf */; };
		1E18F31FDA4B46C9885F1D1C /* MuhammadiQuranicFont.ttf in Resources */ = {isa = PBXBuildFile; fileRef = 14C2614B4D06430E8D3C738B /* MuhammadiQuranicFont.ttf */; };
		085F7384131A42ACBDB99B4D /* NafeesNastaleeq.ttf in Resources */ = {isa = PBXBuildFile; fileRef = 7DDDF651456A485BA6AB6DC9 /* NafeesNastaleeq.ttf */; };
		208CFB6ECFF64F5E9BEBFCC9 /* NafeesWebNaskh.ttf in Resources */ = {isa = PBXBuildFile; fileRef = 274C3148B90C47DAA1367D07 /* NafeesWebNaskh.ttf */; };
		DE8BAB6540EE479C96EDC414 /* NexaBold.OTF in Resources */ = {isa = PBXBuildFile; fileRef = 086F1682E2F44E47AE975890 /* NexaBold.OTF */; };
		F7485E92B9A74A9BA084E439 /* noorehira.ttf in Resources */ = {isa = PBXBuildFile; fileRef = 0CD5BD51BD084B1F88B553F3 /* noorehira.ttf */; };
		6117DAAF13E34F80A29394E9 /* noorehuda.ttf in Resources */ = {isa = PBXBuildFile; fileRef = D1FA0FAB2FFA48178B6C43E3 /* noorehuda.ttf */; };
		FB9F3A7C08A54B55B93B0504 /* OpenSans-Semibold.ttf in Resources */ = {isa = PBXBuildFile; fileRef = F39226DC1C01467D87099CCC /* OpenSans-Semibold.ttf */; };
		BE72A73FC64B4D809B64483F /* OpenSans.ttf in Resources */ = {isa = PBXBuildFile; fileRef = 5C8F1A9832A94D7EA64CA2AC /* OpenSans.ttf */; };
		0F3DB1E242AB4A9EB74AAF17 /* Roboto-Bold.ttf in Resources */ = {isa = PBXBuildFile; fileRef = F555377B11254591A7902CA1 /* Roboto-Bold.ttf */; };
		95AFA996949143BD88575EBC /* Roboto-Regular.ttf in Resources */ = {isa = PBXBuildFile; fileRef = C317B9EB6B554F57A2AD5331 /* Roboto-Regular.ttf */; };
		6477735B74684EBE81E213BB /* TitrBold.ttf in Resources */ = {isa = PBXBuildFile; fileRef = 282AAACBD5C94679B45D4773 /* TitrBold.ttf */; };
		86356EB361254E98B6846868 /* UrduNaskhAsiatype.ttf in Resources */ = {isa = PBXBuildFile; fileRef = B205DC392EF64DCF83022808 /* UrduNaskhAsiatype.ttf */; };
		AE20C5DCDDE042948A7F4AC1 /* UrduTypesetting.ttf in Resources */ = {isa = PBXBuildFile; fileRef = FA336B1202684EF081ADA1C6 /* UrduTypesetting.ttf */; };
/* End PBXBuildFile section */

/* Begin PBXContainerItemProxy section */
		00E356F41AD99517003FC87E /* PBXContainerItemProxy */ = {
			isa = PBXContainerItemProxy;
			containerPortal = 83CBB9F71A601CBA00E9B192 /* Project object */;
			proxyType = 1;
			remoteGlobalIDString = 13B07F861A680F5B00A75B9A;
			remoteInfo = Dieting_App;
		};
/* End PBXContainerItemProxy section */

/* Begin PBXFileReference section */
		00E356EE1AD99517003FC87E /* Dieting_AppTests.xctest */ = {isa = PBXFileReference; explicitFileType = wrapper.cfbundle; includeInIndex = 0; path = Dieting_AppTests.xctest; sourceTree = BUILT_PRODUCTS_DIR; };
		00E356F11AD99517003FC87E /* Info.plist */ = {isa = PBXFileReference; lastKnownFileType = text.plist.xml; path = Info.plist; sourceTree = "<group>"; };
		00E356F21AD99517003FC87E /* Dieting_AppTests.m */ = {isa = PBXFileReference; lastKnownFileType = sourcecode.c.objc; path = Dieting_AppTests.m; sourceTree = "<group>"; };
		13B07F961A680F5B00A75B9A /* Dieting_App.app */ = {isa = PBXFileReference; explicitFileType = wrapper.application; includeInIndex = 0; path = Dieting_App.app; sourceTree = BUILT_PRODUCTS_DIR; };
		13B07FAF1A68108700A75B9A /* AppDelegate.h */ = {isa = PBXFileReference; fileEncoding = 4; lastKnownFileType = sourcecode.c.h; name = AppDelegate.h; path = Dieting_App/AppDelegate.h; sourceTree = "<group>"; };
		13B07FB01A68108700A75B9A /* AppDelegate.m */ = {isa = PBXFileReference; fileEncoding = 4; lastKnownFileType = sourcecode.c.objc; name = AppDelegate.m; path = Dieting_App/AppDelegate.m; sourceTree = "<group>"; };
		13B07FB51A68108700A75B9A /* Images.xcassets */ = {isa = PBXFileReference; lastKnownFileType = folder.assetcatalog; name = Images.xcassets; path = Dieting_App/Images.xcassets; sourceTree = "<group>"; };
		13B07FB61A68108700A75B9A /* Info.plist */ = {isa = PBXFileReference; fileEncoding = 4; lastKnownFileType = text.plist.xml; name = Info.plist; path = Dieting_App/Info.plist; sourceTree = "<group>"; };
		13B07FB71A68108700A75B9A /* main.m */ = {isa = PBXFileReference; fileEncoding = 4; lastKnownFileType = sourcecode.c.objc; name = main.m; path = Dieting_App/main.m; sourceTree = "<group>"; };
		81AB9BB72411601600AC10FF /* LaunchScreen.storyboard */ = {isa = PBXFileReference; fileEncoding = 4; lastKnownFileType = file.storyboard; name = LaunchScreen.storyboard; path = Dieting_App/LaunchScreen.storyboard; sourceTree = "<group>"; };
		ED297162215061F000B7C4FE /* JavaScriptCore.framework */ = {isa = PBXFileReference; lastKnownFileType = wrapper.framework; name = JavaScriptCore.framework; path = System/Library/Frameworks/JavaScriptCore.framework; sourceTree = SDKROOT; };
		2B576AEFD58A4AF6BF231C36 /* AntDesign.ttf */ = {isa = PBXFileReference; name = "AntDesign.ttf"; path = "../node_modules/react-native-vector-icons/Fonts/AntDesign.ttf"; sourceTree = "<group>"; fileEncoding = undefined; lastKnownFileType = unknown; explicitFileType = undefined; includeInIndex = 0; };
		029C13BCAACA4917AA35CB4A /* Entypo.ttf */ = {isa = PBXFileReference; name = "Entypo.ttf"; path = "../node_modules/react-native-vector-icons/Fonts/Entypo.ttf"; sourceTree = "<group>"; fileEncoding = undefined; lastKnownFileType = unknown; explicitFileType = undefined; includeInIndex = 0; };
		DB32FCF6D7B04C69AF9508E7 /* EvilIcons.ttf */ = {isa = PBXFileReference; name = "EvilIcons.ttf"; path = "../node_modules/react-native-vector-icons/Fonts/EvilIcons.ttf"; sourceTree = "<group>"; fileEncoding = undefined; lastKnownFileType = unknown; explicitFileType = undefined; includeInIndex = 0; };
		848FEE4613404AA5BCDC5374 /* Feather.ttf */ = {isa = PBXFileReference; name = "Feather.ttf"; path = "../node_modules/react-native-vector-icons/Fonts/Feather.ttf"; sourceTree = "<group>"; fileEncoding = undefined; lastKnownFileType = unknown; explicitFileType = undefined; includeInIndex = 0; };
		77B7852224274F4486074AA3 /* FontAwesome.ttf */ = {isa = PBXFileReference; name = "FontAwesome.ttf"; path = "../node_modules/react-native-vector-icons/Fonts/FontAwesome.ttf"; sourceTree = "<group>"; fileEncoding = undefined; lastKnownFileType = unknown; explicitFileType = undefined; includeInIndex = 0; };
		12ADC3D783EE4F9682C16FD8 /* FontAwesome5_Brands.ttf */ = {isa = PBXFileReference; name = "FontAwesome5_Brands.ttf"; path = "../node_modules/react-native-vector-icons/Fonts/FontAwesome5_Brands.ttf"; sourceTree = "<group>"; fileEncoding = undefined; lastKnownFileType = unknown; explicitFileType = undefined; includeInIndex = 0; };
		ED63E5E11E43424DAC5BA880 /* FontAwesome5_Regular.ttf */ = {isa = PBXFileReference; name = "FontAwesome5_Regular.ttf"; path = "../node_modules/react-native-vector-icons/Fonts/FontAwesome5_Regular.ttf"; sourceTree = "<group>"; fileEncoding = undefined; lastKnownFileType = unknown; explicitFileType = undefined; includeInIndex = 0; };
		C7171F9F9B6B46B3B5C36DE2 /* FontAwesome5_Solid.ttf */ = {isa = PBXFileReference; name = "FontAwesome5_Solid.ttf"; path = "../node_modules/react-native-vector-icons/Fonts/FontAwesome5_Solid.ttf"; sourceTree = "<group>"; fileEncoding = undefined; lastKnownFileType = unknown; explicitFileType = undefined; includeInIndex = 0; };
		294F47D118B644E0BE65E920 /* Fontisto.ttf */ = {isa = PBXFileReference; name = "Fontisto.ttf"; path = "../node_modules/react-native-vector-icons/Fonts/Fontisto.ttf"; sourceTree = "<group>"; fileEncoding = undefined; lastKnownFileType = unknown; explicitFileType = undefined; includeInIndex = 0; };
		8AF8F4C3E79E4F6FBADA4CD3 /* Foundation.ttf */ = {isa = PBXFileReference; name = "Foundation.ttf"; path = "../node_modules/react-native-vector-icons/Fonts/Foundation.ttf"; sourceTree = "<group>"; fileEncoding = undefined; lastKnownFileType = unknown; explicitFileType = undefined; includeInIndex = 0; };
		474D3B20255441CD9ECA44CE /* Ionicons.ttf */ = {isa = PBXFileReference; name = "Ionicons.ttf"; path = "../node_modules/react-native-vector-icons/Fonts/Ionicons.ttf"; sourceTree = "<group>"; fileEncoding = undefined; lastKnownFileType = unknown; explicitFileType = undefined; includeInIndex = 0; };
		D981A3C890D24641B97E2266 /* MaterialCommunityIcons.ttf */ = {isa = PBXFileReference; name = "MaterialCommunityIcons.ttf"; path = "../node_modules/react-native-vector-icons/Fonts/MaterialCommunityIcons.ttf"; sourceTree = "<group>"; fileEncoding = undefined; lastKnownFileType = unknown; explicitFileType = undefined; includeInIndex = 0; };
		CAFA529400984F57923333DA /* MaterialIcons.ttf */ = {isa = PBXFileReference; name = "MaterialIcons.ttf"; path = "../node_modules/react-native-vector-icons/Fonts/MaterialIcons.ttf"; sourceTree = "<group>"; fileEncoding = undefined; lastKnownFileType = unknown; explicitFileType = undefined; includeInIndex = 0; };
		0F45E5EC263F4958BB98E745 /* Octicons.ttf */ = {isa = PBXFileReference; name = "Octicons.ttf"; path = "../node_modules/react-native-vector-icons/Fonts/Octicons.ttf"; sourceTree = "<group>"; fileEncoding = undefined; lastKnownFileType = unknown; explicitFileType = undefined; includeInIndex = 0; };
		E502D8E0A8EE4E2DA7B717EE /* SimpleLineIcons.ttf */ = {isa = PBXFileReference; name = "SimpleLineIcons.ttf"; path = "../node_modules/react-native-vector-icons/Fonts/SimpleLineIcons.ttf"; sourceTree = "<group>"; fileEncoding = undefined; lastKnownFileType = unknown; explicitFileType = undefined; includeInIndex = 0; };
		FB44492D05DB406DAE32ABB4 /* Zocial.ttf */ = {isa = PBXFileReference; name = "Zocial.ttf"; path = "../node_modules/react-native-vector-icons/Fonts/Zocial.ttf"; sourceTree = "<group>"; fileEncoding = undefined; lastKnownFileType = unknown; explicitFileType = undefined; includeInIndex = 0; };
		486A65CC4E76400686064628 /* _PDMS_Saleem_QuranFont.ttf */ = {isa = PBXFileReference; name = "_PDMS_Saleem_QuranFont.ttf"; path = "../assets/fonts/_PDMS_Saleem_QuranFont.ttf"; sourceTree = "<group>"; fileEncoding = undefined; lastKnownFileType = unknown; explicitFileType = undefined; includeInIndex = 0; };
		0E3CEF04C42E4875881F1CC8 /* 10MucZeit-Medium.ttf */ = {isa = PBXFileReference; name = "10MucZeit-Medium.ttf"; path = "../assets/fonts/10MucZeit-Medium.ttf"; sourceTree = "<group>"; fileEncoding = undefined; lastKnownFileType = unknown; explicitFileType = undefined; includeInIndex = 0; };
		628F27AD51C845A786040CAB /* AdobeArabic-Regular.otf */ = {isa = PBXFileReference; name = "AdobeArabic-Regular.otf"; path = "../assets/fonts/AdobeArabic-Regular.otf"; sourceTree = "<group>"; fileEncoding = undefined; lastKnownFileType = unknown; explicitFileType = undefined; includeInIndex = 0; };
		B0A7AD0062D34DCB8E12D6BF /* AlQalamQuranMajeedWeb.ttf */ = {isa = PBXFileReference; name = "AlQalamQuranMajeedWeb.ttf"; path = "../assets/fonts/AlQalamQuranMajeedWeb.ttf"; sourceTree = "<group>"; fileEncoding = undefined; lastKnownFileType = unknown; explicitFileType = undefined; includeInIndex = 0; };
		5B957D83F4C1445A81D75823 /* Aslam.ttf */ = {isa = PBXFileReference; name = "Aslam.ttf"; path = "../assets/fonts/Aslam.ttf"; sourceTree = "<group>"; fileEncoding = undefined; lastKnownFileType = unknown; explicitFileType = undefined; includeInIndex = 0; };
		D66A3F7743744F7B8889D2EF /* FajerNooriNastalique.ttf */ = {isa = PBXFileReference; name = "FajerNooriNastalique.ttf"; path = "../assets/fonts/FajerNooriNastalique.ttf"; sourceTree = "<group>"; fileEncoding = undefined; lastKnownFileType = unknown; explicitFileType = undefined; includeInIndex = 0; };
		781BA0A9F9764269B03E7779 /* GeezaPro.ttc */ = {isa = PBXFileReference; name = "GeezaPro.ttc"; path = "../assets/fonts/GeezaPro.ttc"; sourceTree = "<group>"; fileEncoding = undefined; lastKnownFileType = unknown; explicitFileType = undefined; includeInIndex = 0; };
		82434EFF6EA64CDFAE5D5F59 /* Jameel-Noori-Nastaleeq-Kasheeda.ttf */ = {isa = PBXFileReference; name = "Jameel-Noori-Nastaleeq-Kasheeda.ttf"; path = "../assets/fonts/Jameel-Noori-Nastaleeq-Kasheeda.ttf"; sourceTree = "<group>"; fileEncoding = undefined; lastKnownFileType = unknown; explicitFileType = undefined; includeInIndex = 0; };
		95A70B9B12AE4BA9ABACD3DE /* Jameel-Noori-Nastaleeq.ttf */ = {isa = PBXFileReference; name = "Jameel-Noori-Nastaleeq.ttf"; path = "../assets/fonts/Jameel-Noori-Nastaleeq.ttf"; sourceTree = "<group>"; fileEncoding = undefined; lastKnownFileType = unknown; explicitFileType = undefined; includeInIndex = 0; };
		BE778E81B4BD4F279B89DD10 /* MehrNastaliqWeb.ttf */ = {isa = PBXFileReference; name = "MehrNastaliqWeb.ttf"; path = "../assets/fonts/MehrNastaliqWeb.ttf"; sourceTree = "<group>"; fileEncoding = undefined; lastKnownFileType = unknown; explicitFileType = undefined; includeInIndex = 0; };
		14C2614B4D06430E8D3C738B /* MuhammadiQuranicFont.ttf */ = {isa = PBXFileReference; name = "MuhammadiQuranicFont.ttf"; path = "../assets/fonts/MuhammadiQuranicFont.ttf"; sourceTree = "<group>"; fileEncoding = undefined; lastKnownFileType = unknown; explicitFileType = undefined; includeInIndex = 0; };
		7DDDF651456A485BA6AB6DC9 /* NafeesNastaleeq.ttf */ = {isa = PBXFileReference; name = "NafeesNastaleeq.ttf"; path = "../assets/fonts/NafeesNastaleeq.ttf"; sourceTree = "<group>"; fileEncoding = undefined; lastKnownFileType = unknown; explicitFileType = undefined; includeInIndex = 0; };
		274C3148B90C47DAA1367D07 /* NafeesWebNaskh.ttf */ = {isa = PBXFileReference; name = "NafeesWebNaskh.ttf"; path = "../assets/fonts/NafeesWebNaskh.ttf"; sourceTree = "<group>"; fileEncoding = undefined; lastKnownFileType = unknown; explicitFileType = undefined; includeInIndex = 0; };
		086F1682E2F44E47AE975890 /* NexaBold.OTF */ = {isa = PBXFileReference; name = "NexaBold.OTF"; path = "../assets/fonts/NexaBold.OTF"; sourceTree = "<group>"; fileEncoding = undefined; lastKnownFileType = unknown; explicitFileType = undefined; includeInIndex = 0; };
		0CD5BD51BD084B1F88B553F3 /* noorehira.ttf */ = {isa = PBXFileReference; name = "noorehira.ttf"; path = "../assets/fonts/noorehira.ttf"; sourceTree = "<group>"; fileEncoding = undefined; lastKnownFileType = unknown; explicitFileType = undefined; includeInIndex = 0; };
		D1FA0FAB2FFA48178B6C43E3 /* noorehuda.ttf */ = {isa = PBXFileReference; name = "noorehuda.ttf"; path = "../assets/fonts/noorehuda.ttf"; sourceTree = "<group>"; fileEncoding = undefined; lastKnownFileType = unknown; explicitFileType = undefined; includeInIndex = 0; };
		F39226DC1C01467D87099CCC /* OpenSans-Semibold.ttf */ = {isa = PBXFileReference; name = "OpenSans-Semibold.ttf"; path = "../assets/fonts/OpenSans-Semibold.ttf"; sourceTree = "<group>"; fileEncoding = undefined; lastKnownFileType = unknown; explicitFileType = undefined; includeInIndex = 0; };
		5C8F1A9832A94D7EA64CA2AC /* OpenSans.ttf */ = {isa = PBXFileReference; name = "OpenSans.ttf"; path = "../assets/fonts/OpenSans.ttf"; sourceTree = "<group>"; fileEncoding = undefined; lastKnownFileType = unknown; explicitFileType = undefined; includeInIndex = 0; };
		F555377B11254591A7902CA1 /* Roboto-Bold.ttf */ = {isa = PBXFileReference; name = "Roboto-Bold.ttf"; path = "../assets/fonts/Roboto-Bold.ttf"; sourceTree = "<group>"; fileEncoding = undefined; lastKnownFileType = unknown; explicitFileType = undefined; includeInIndex = 0; };
		C317B9EB6B554F57A2AD5331 /* Roboto-Regular.ttf */ = {isa = PBXFileReference; name = "Roboto-Regular.ttf"; path = "../assets/fonts/Roboto-Regular.ttf"; sourceTree = "<group>"; fileEncoding = undefined; lastKnownFileType = unknown; explicitFileType = undefined; includeInIndex = 0; };
		282AAACBD5C94679B45D4773 /* TitrBold.ttf */ = {isa = PBXFileReference; name = "TitrBold.ttf"; path = "../assets/fonts/TitrBold.ttf"; sourceTree = "<group>"; fileEncoding = undefined; lastKnownFileType = unknown; explicitFileType = undefined; includeInIndex = 0; };
		B205DC392EF64DCF83022808 /* UrduNaskhAsiatype.ttf */ = {isa = PBXFileReference; name = "UrduNaskhAsiatype.ttf"; path = "../assets/fonts/UrduNaskhAsiatype.ttf"; sourceTree = "<group>"; fileEncoding = undefined; lastKnownFileType = unknown; explicitFileType = undefined; includeInIndex = 0; };
		FA336B1202684EF081ADA1C6 /* UrduTypesetting.ttf */ = {isa = PBXFileReference; name = "UrduTypesetting.ttf"; path = "../assets/fonts/UrduTypesetting.ttf"; sourceTree = "<group>"; fileEncoding = undefined; lastKnownFileType = unknown; explicitFileType = undefined; includeInIndex = 0; };
/* End PBXFileReference section */

/* Begin PBXFrameworksBuildPhase section */
		00E356EB1AD99517003FC87E /* Frameworks */ = {
			isa = PBXFrameworksBuildPhase;
			buildActionMask = 2147483647;
			files = (
			);
			runOnlyForDeploymentPostprocessing = 0;
		};
		13B07F8C1A680F5B00A75B9A /* Frameworks */ = {
			isa = PBXFrameworksBuildPhase;
			buildActionMask = 2147483647;
			files = (
			);
			runOnlyForDeploymentPostprocessing = 0;
		};
/* End PBXFrameworksBuildPhase section */

/* Begin PBXGroup section */
		00E356EF1AD99517003FC87E /* Dieting_AppTests */ = {
			isa = PBXGroup;
			children = (
				00E356F21AD99517003FC87E /* Dieting_AppTests.m */,
				00E356F01AD99517003FC87E /* Supporting Files */,
			);
			path = Dieting_AppTests;
			sourceTree = "<group>";
		};
		00E356F01AD99517003FC87E /* Supporting Files */ = {
			isa = PBXGroup;
			children = (
				00E356F11AD99517003FC87E /* Info.plist */,
			);
			name = "Supporting Files";
			sourceTree = "<group>";
		};
		13B07FAE1A68108700A75B9A /* Dieting_App */ = {
			isa = PBXGroup;
			children = (
				13B07FAF1A68108700A75B9A /* AppDelegate.h */,
				13B07FB01A68108700A75B9A /* AppDelegate.m */,
				13B07FB51A68108700A75B9A /* Images.xcassets */,
				13B07FB61A68108700A75B9A /* Info.plist */,
				81AB9BB72411601600AC10FF /* LaunchScreen.storyboard */,
				13B07FB71A68108700A75B9A /* main.m */,
			);
			name = Dieting_App;
			sourceTree = "<group>";
		};
		2D16E6871FA4F8E400B85C8A /* Frameworks */ = {
			isa = PBXGroup;
			children = (
				ED297162215061F000B7C4FE /* JavaScriptCore.framework */,
			);
			name = Frameworks;
			sourceTree = "<group>";
		};
		832341AE1AAA6A7D00B99B32 /* Libraries */ = {
			isa = PBXGroup;
			children = (
			);
			name = Libraries;
			sourceTree = "<group>";
		};
		83CBB9F61A601CBA00E9B192 = {
			isa = PBXGroup;
			children = (
				13B07FAE1A68108700A75B9A /* Dieting_App */,
				832341AE1AAA6A7D00B99B32 /* Libraries */,
				00E356EF1AD99517003FC87E /* Dieting_AppTests */,
				83CBBA001A601CBA00E9B192 /* Products */,
				2D16E6871FA4F8E400B85C8A /* Frameworks */,
				74483C02A05146A2BCAD2300 /* Resources */,
			);
			indentWidth = 2;
			sourceTree = "<group>";
			tabWidth = 2;
			usesTabs = 0;
		};
		83CBBA001A601CBA00E9B192 /* Products */ = {
			isa = PBXGroup;
			children = (
				13B07F961A680F5B00A75B9A /* Dieting_App.app */,
				00E356EE1AD99517003FC87E /* Dieting_AppTests.xctest */,
			);
			name = Products;
			sourceTree = "<group>";
		};
		74483C02A05146A2BCAD2300 /* Resources */ = {
			isa = "PBXGroup";
			children = (
				2B576AEFD58A4AF6BF231C36 /* AntDesign.ttf */,
				029C13BCAACA4917AA35CB4A /* Entypo.ttf */,
				DB32FCF6D7B04C69AF9508E7 /* EvilIcons.ttf */,
				848FEE4613404AA5BCDC5374 /* Feather.ttf */,
				77B7852224274F4486074AA3 /* FontAwesome.ttf */,
				12ADC3D783EE4F9682C16FD8 /* FontAwesome5_Brands.ttf */,
				ED63E5E11E43424DAC5BA880 /* FontAwesome5_Regular.ttf */,
				C7171F9F9B6B46B3B5C36DE2 /* FontAwesome5_Solid.ttf */,
				294F47D118B644E0BE65E920 /* Fontisto.ttf */,
				8AF8F4C3E79E4F6FBADA4CD3 /* Foundation.ttf */,
				474D3B20255441CD9ECA44CE /* Ionicons.ttf */,
				D981A3C890D24641B97E2266 /* MaterialCommunityIcons.ttf */,
				CAFA529400984F57923333DA /* MaterialIcons.ttf */,
				0F45E5EC263F4958BB98E745 /* Octicons.ttf */,
				E502D8E0A8EE4E2DA7B717EE /* SimpleLineIcons.ttf */,
				FB44492D05DB406DAE32ABB4 /* Zocial.ttf */,
				486A65CC4E76400686064628 /* _PDMS_Saleem_QuranFont.ttf */,
				0E3CEF04C42E4875881F1CC8 /* 10MucZeit-Medium.ttf */,
				628F27AD51C845A786040CAB /* AdobeArabic-Regular.otf */,
				B0A7AD0062D34DCB8E12D6BF /* AlQalamQuranMajeedWeb.ttf */,
				5B957D83F4C1445A81D75823 /* Aslam.ttf */,
				D66A3F7743744F7B8889D2EF /* FajerNooriNastalique.ttf */,
				781BA0A9F9764269B03E7779 /* GeezaPro.ttc */,
				82434EFF6EA64CDFAE5D5F59 /* Jameel-Noori-Nastaleeq-Kasheeda.ttf */,
				95A70B9B12AE4BA9ABACD3DE /* Jameel-Noori-Nastaleeq.ttf */,
				BE778E81B4BD4F279B89DD10 /* MehrNastaliqWeb.ttf */,
				14C2614B4D06430E8D3C738B /* MuhammadiQuranicFont.ttf */,
				7DDDF651456A485BA6AB6DC9 /* NafeesNastaleeq.ttf */,
				274C3148B90C47DAA1367D07 /* NafeesWebNaskh.ttf */,
				086F1682E2F44E47AE975890 /* NexaBold.OTF */,
				0CD5BD51BD084B1F88B553F3 /* noorehira.ttf */,
				D1FA0FAB2FFA48178B6C43E3 /* noorehuda.ttf */,
				F39226DC1C01467D87099CCC /* OpenSans-Semibold.ttf */,
				5C8F1A9832A94D7EA64CA2AC /* OpenSans.ttf */,
				F555377B11254591A7902CA1 /* Roboto-Bold.ttf */,
				C317B9EB6B554F57A2AD5331 /* Roboto-Regular.ttf */,
				282AAACBD5C94679B45D4773 /* TitrBold.ttf */,
				B205DC392EF64DCF83022808 /* UrduNaskhAsiatype.ttf */,
				FA336B1202684EF081ADA1C6 /* UrduTypesetting.ttf */,
			);
			name = Resources;
			sourceTree = "<group>";
			path = "";
		};
/* End PBXGroup section */

/* Begin PBXNativeTarget section */
		00E356ED1AD99517003FC87E /* Dieting_AppTests */ = {
			isa = PBXNativeTarget;
			buildConfigurationList = 00E357021AD99517003FC87E /* Build configuration list for PBXNativeTarget "Dieting_AppTests" */;
			buildPhases = (
				00E356EA1AD99517003FC87E /* Sources */,
				00E356EB1AD99517003FC87E /* Frameworks */,
				00E356EC1AD99517003FC87E /* Resources */,
			);
			buildRules = (
			);
			dependencies = (
				00E356F51AD99517003FC87E /* PBXTargetDependency */,
			);
			name = Dieting_AppTests;
			productName = Dieting_AppTests;
			productReference = 00E356EE1AD99517003FC87E /* Dieting_AppTests.xctest */;
			productType = "com.apple.product-type.bundle.unit-test";
		};
		13B07F861A680F5B00A75B9A /* Dieting_App */ = {
			isa = PBXNativeTarget;
			buildConfigurationList = 13B07F931A680F5B00A75B9A /* Build configuration list for PBXNativeTarget "Dieting_App" */;
			buildPhases = (
				FD10A7F022414F080027D42C /* Start Packager */,
				13B07F871A680F5B00A75B9A /* Sources */,
				13B07F8C1A680F5B00A75B9A /* Frameworks */,
				13B07F8E1A680F5B00A75B9A /* Resources */,
				00DD1BFF1BD5951E006B06BC /* Bundle React Native code and images */,
			);
			buildRules = (
			);
			dependencies = (
			);
			name = Dieting_App;
			productName = Dieting_App;
			productReference = 13B07F961A680F5B00A75B9A /* Dieting_App.app */;
			productType = "com.apple.product-type.application";
		};
/* End PBXNativeTarget section */

/* Begin PBXProject section */
		83CBB9F71A601CBA00E9B192 /* Project object */ = {
			isa = PBXProject;
			attributes = {
				LastUpgradeCheck = 1210;
				TargetAttributes = {
					00E356ED1AD99517003FC87E = {
						CreatedOnToolsVersion = 6.2;
						TestTargetID = 13B07F861A680F5B00A75B9A;
					};
					13B07F861A680F5B00A75B9A = {
						LastSwiftMigration = 1120;
					};
				};
			};
			buildConfigurationList = 83CBB9FA1A601CBA00E9B192 /* Build configuration list for PBXProject "Dieting_App" */;
			compatibilityVersion = "Xcode 12.0";
			developmentRegion = en;
			hasScannedForEncodings = 0;
			knownRegions = (
				en,
				Base,
			);
			mainGroup = 83CBB9F61A601CBA00E9B192;
			productRefGroup = 83CBBA001A601CBA00E9B192 /* Products */;
			projectDirPath = "";
			projectRoot = "";
			targets = (
				13B07F861A680F5B00A75B9A /* Dieting_App */,
				00E356ED1AD99517003FC87E /* Dieting_AppTests */,
			);
		};
/* End PBXProject section */

/* Begin PBXResourcesBuildPhase section */
		00E356EC1AD99517003FC87E /* Resources */ = {
			isa = PBXResourcesBuildPhase;
			buildActionMask = 2147483647;
			files = (
			);
			runOnlyForDeploymentPostprocessing = 0;
		};
		13B07F8E1A680F5B00A75B9A /* Resources */ = {
			isa = PBXResourcesBuildPhase;
			buildActionMask = 2147483647;
			files = (
				81AB9BB82411601600AC10FF /* LaunchScreen.storyboard in Resources */,
				13B07FBF1A68108700A75B9A /* Images.xcassets in Resources */,
				3909AAF12F1B4992AFC9DA9F /* AntDesign.ttf in Resources */,
				2A8ADE29B6EC4EBDBD8B16EF /* Entypo.ttf in Resources */,
				8616A70E9F3C40A18B7C2037 /* EvilIcons.ttf in Resources */,
				0E331BB71C8B4CB59517BD4D /* Feather.ttf in Resources */,
				4538509D9E484662AE5BDBA3 /* FontAwesome.ttf in Resources */,
				FB34EA27FF8C4F1EBA5752F3 /* FontAwesome5_Brands.ttf in Resources */,
				18672724857E480AA6E18D75 /* FontAwesome5_Regular.ttf in Resources */,
				AF006979F8CD4981BFBD26DC /* FontAwesome5_Solid.ttf in Resources */,
				B5720D9631E44377869182C8 /* Fontisto.ttf in Resources */,
				FE6BCF0EFEE540CFAF8B1223 /* Foundation.ttf in Resources */,
				5AAC84C7A2E648919F88CE93 /* Ionicons.ttf in Resources */,
				185923D0C1A14E7B843D5E13 /* MaterialCommunityIcons.ttf in Resources */,
				CA6135417B8642E7A266B401 /* MaterialIcons.ttf in Resources */,
				0508D6E2DDB84EE68E53814A /* Octicons.ttf in Resources */,
				66E261ABF313498AA84A514C /* SimpleLineIcons.ttf in Resources */,
				9E4213C71607442D91088CFD /* Zocial.ttf in Resources */,
				B3DA7F04EDB740C3B4188E8E /* _PDMS_Saleem_QuranFont.ttf in Resources */,
				472AE56265704F7090563240 /* 10MucZeit-Medium.ttf in Resources */,
				F28EFCF532F8411A99E72600 /* AdobeArabic-Regular.otf in Resources */,
				CB4124755047487AA2796B9E /* AlQalamQuranMajeedWeb.ttf in Resources */,
				4946A148C51047D58274FBAC /* Aslam.ttf in Resources */,
				0DF1E726349A43E0868963FF /* FajerNooriNastalique.ttf in Resources */,
				408D7A2FDF0A4CBAB7B1F629 /* GeezaPro.ttc in Resources */,
				95CBE40F531E47DBB42C9B5F /* Jameel-Noori-Nastaleeq-Kasheeda.ttf in Resources */,
				B9F7D3E886B64599B518EE4F /* Jameel-Noori-Nastaleeq.ttf in Resources */,
				3689B88D67E1425A97F06CE5 /* MehrNastaliqWeb.ttf in Resources */,
				1E18F31FDA4B46C9885F1D1C /* MuhammadiQuranicFont.ttf in Resources */,
				085F7384131A42ACBDB99B4D /* NafeesNastaleeq.ttf in Resources */,
				208CFB6ECFF64F5E9BEBFCC9 /* NafeesWebNaskh.ttf in Resources */,
				DE8BAB6540EE479C96EDC414 /* NexaBold.OTF in Resources */,
				F7485E92B9A74A9BA084E439 /* noorehira.ttf in Resources */,
				6117DAAF13E34F80A29394E9 /* noorehuda.ttf in Resources */,
				FB9F3A7C08A54B55B93B0504 /* OpenSans-Semibold.ttf in Resources */,
				BE72A73FC64B4D809B64483F /* OpenSans.ttf in Resources */,
				0F3DB1E242AB4A9EB74AAF17 /* Roboto-Bold.ttf in Resources */,
				95AFA996949143BD88575EBC /* Roboto-Regular.ttf in Resources */,
				6477735B74684EBE81E213BB /* TitrBold.ttf in Resources */,
				86356EB361254E98B6846868 /* UrduNaskhAsiatype.ttf in Resources */,
				AE20C5DCDDE042948A7F4AC1 /* UrduTypesetting.ttf in Resources */,
			);
			runOnlyForDeploymentPostprocessing = 0;
		};
/* End PBXResourcesBuildPhase section */

/* Begin PBXShellScriptBuildPhase section */
		00DD1BFF1BD5951E006B06BC /* Bundle React Native code and images */ = {
			isa = PBXShellScriptBuildPhase;
			buildActionMask = 2147483647;
			files = (
			);
			inputPaths = (
			);
			name = "Bundle React Native code and images";
			outputPaths = (
			);
			runOnlyForDeploymentPostprocessing = 0;
			shellPath = /bin/sh;
			shellScript = "set -e\n\nexport NODE_BINARY=node\n../node_modules/react-native/scripts/react-native-xcode.sh\n";
		};
		FD10A7F022414F080027D42C /* Start Packager */ = {
			isa = PBXShellScriptBuildPhase;
			buildActionMask = 2147483647;
			files = (
			);
			inputFileListPaths = (
			);
			inputPaths = (
			);
			name = "Start Packager";
			outputFileListPaths = (
			);
			outputPaths = (
			);
			runOnlyForDeploymentPostprocessing = 0;
			shellPath = /bin/sh;
			shellScript = "export RCT_METRO_PORT=\"${RCT_METRO_PORT:=8081}\"\necho \"export RCT_METRO_PORT=${RCT_METRO_PORT}\" > \"${SRCROOT}/../node_modules/react-native/scripts/.packager.env\"\nif [ -z \"${RCT_NO_LAUNCH_PACKAGER+xxx}\" ] ; then\n  if nc -w 5 -z localhost ${RCT_METRO_PORT} ; then\n    if ! curl -s \"http://localhost:${RCT_METRO_PORT}/status\" | grep -q \"packager-status:running\" ; then\n      echo \"Port ${RCT_METRO_PORT} already in use, packager is either not running or not running correctly\"\n      exit 2\n    fi\n  else\n    open \"$SRCROOT/../node_modules/react-native/scripts/launchPackager.command\" || echo \"Can't start packager automatically\"\n  fi\nfi\n";
			showEnvVarsInLog = 0;
		};
/* End PBXShellScriptBuildPhase section */

/* Begin PBXSourcesBuildPhase section */
		00E356EA1AD99517003FC87E /* Sources */ = {
			isa = PBXSourcesBuildPhase;
			buildActionMask = 2147483647;
			files = (
				00E356F31AD99517003FC87E /* Dieting_AppTests.m in Sources */,
			);
			runOnlyForDeploymentPostprocessing = 0;
		};
		13B07F871A680F5B00A75B9A /* Sources */ = {
			isa = PBXSourcesBuildPhase;
			buildActionMask = 2147483647;
			files = (
				13B07FBC1A68108700A75B9A /* AppDelegate.m in Sources */,
				13B07FC11A68108700A75B9A /* main.m in Sources */,
			);
			runOnlyForDeploymentPostprocessing = 0;
		};
/* End PBXSourcesBuildPhase section */

/* Begin PBXTargetDependency section */
		00E356F51AD99517003FC87E /* PBXTargetDependency */ = {
			isa = PBXTargetDependency;
			target = 13B07F861A680F5B00A75B9A /* Dieting_App */;
			targetProxy = 00E356F41AD99517003FC87E /* PBXContainerItemProxy */;
		};
/* End PBXTargetDependency section */

/* Begin XCBuildConfiguration section */
		00E356F61AD99517003FC87E /* Debug */ = {
			isa = XCBuildConfiguration;
			buildSettings = {
				BUNDLE_LOADER = "$(TEST_HOST)";
				GCC_PREPROCESSOR_DEFINITIONS = (
					"DEBUG=1",
					"$(inherited)",
				);
				INFOPLIST_FILE = Dieting_AppTests/Info.plist;
				IPHONEOS_DEPLOYMENT_TARGET = 10.0;
				LD_RUNPATH_SEARCH_PATHS = (
					"$(inherited)",
					"@executable_path/Frameworks",
					"@loader_path/Frameworks",
				);
				OTHER_LDFLAGS = (
					"-ObjC",
					"-lc++",
					"$(inherited)",
				);
				PRODUCT_BUNDLE_IDENTIFIER = "org.reactjs.native.example.$(PRODUCT_NAME:rfc1034identifier)";
				PRODUCT_NAME = "$(TARGET_NAME)";
				TEST_HOST = "$(BUILT_PRODUCTS_DIR)/Dieting_App.app/Dieting_App";
			};
			name = Debug;
		};
		00E356F71AD99517003FC87E /* Release */ = {
			isa = XCBuildConfiguration;
			buildSettings = {
				BUNDLE_LOADER = "$(TEST_HOST)";
				COPY_PHASE_STRIP = NO;
				INFOPLIST_FILE = Dieting_AppTests/Info.plist;
				IPHONEOS_DEPLOYMENT_TARGET = 10.0;
				LD_RUNPATH_SEARCH_PATHS = (
					"$(inherited)",
					"@executable_path/Frameworks",
					"@loader_path/Frameworks",
				);
				OTHER_LDFLAGS = (
					"-ObjC",
					"-lc++",
					"$(inherited)",
				);
				PRODUCT_BUNDLE_IDENTIFIER = "org.reactjs.native.example.$(PRODUCT_NAME:rfc1034identifier)";
				PRODUCT_NAME = "$(TARGET_NAME)";
				TEST_HOST = "$(BUILT_PRODUCTS_DIR)/Dieting_App.app/Dieting_App";
			};
			name = Release;
		};
		13B07F941A680F5B00A75B9A /* Debug */ = {
			isa = XCBuildConfiguration;
			buildSettings = {
				ASSETCATALOG_COMPILER_APPICON_NAME = AppIcon;
				CLANG_ENABLE_MODULES = YES;
				CURRENT_PROJECT_VERSION = 1;
				ENABLE_BITCODE = NO;
				INFOPLIST_FILE = Dieting_App/Info.plist;
				LD_RUNPATH_SEARCH_PATHS = (
					"$(inherited)",
					"@executable_path/Frameworks",
				);
				OTHER_LDFLAGS = (
					"$(inherited)",
					"-ObjC",
					"-lc++",
				);
				PRODUCT_BUNDLE_IDENTIFIER = "org.reactjs.native.example.$(PRODUCT_NAME:rfc1034identifier)";
				PRODUCT_NAME = Dieting_App;
				SWIFT_OPTIMIZATION_LEVEL = "-Onone";
				SWIFT_VERSION = 5.0;
				VERSIONING_SYSTEM = "apple-generic";
			};
			name = Debug;
		};
		13B07F951A680F5B00A75B9A /* Release */ = {
			isa = XCBuildConfiguration;
			buildSettings = {
				ASSETCATALOG_COMPILER_APPICON_NAME = AppIcon;
				CLANG_ENABLE_MODULES = YES;
				CURRENT_PROJECT_VERSION = 1;
				INFOPLIST_FILE = Dieting_App/Info.plist;
				LD_RUNPATH_SEARCH_PATHS = (
					"$(inherited)",
					"@executable_path/Frameworks",
				);
				OTHER_LDFLAGS = (
					"$(inherited)",
					"-ObjC",
					"-lc++",
				);
				PRODUCT_BUNDLE_IDENTIFIER = "org.reactjs.native.example.$(PRODUCT_NAME:rfc1034identifier)";
				PRODUCT_NAME = Dieting_App;
				SWIFT_VERSION = 5.0;
				VERSIONING_SYSTEM = "apple-generic";
			};
			name = Release;
		};
		83CBBA201A601CBA00E9B192 /* Debug */ = {
			isa = XCBuildConfiguration;
			buildSettings = {
				ALWAYS_SEARCH_USER_PATHS = NO;
				CLANG_ANALYZER_LOCALIZABILITY_NONLOCALIZED = YES;
				CLANG_CXX_LANGUAGE_STANDARD = "gnu++0x";
				CLANG_CXX_LIBRARY = "libc++";
				CLANG_ENABLE_MODULES = YES;
				CLANG_ENABLE_OBJC_ARC = YES;
				CLANG_WARN_BLOCK_CAPTURE_AUTORELEASING = YES;
				CLANG_WARN_BOOL_CONVERSION = YES;
				CLANG_WARN_COMMA = YES;
				CLANG_WARN_CONSTANT_CONVERSION = YES;
				CLANG_WARN_DEPRECATED_OBJC_IMPLEMENTATIONS = YES;
				CLANG_WARN_DIRECT_OBJC_ISA_USAGE = YES_ERROR;
				CLANG_WARN_EMPTY_BODY = YES;
				CLANG_WARN_ENUM_CONVERSION = YES;
				CLANG_WARN_INFINITE_RECURSION = YES;
				CLANG_WARN_INT_CONVERSION = YES;
				CLANG_WARN_NON_LITERAL_NULL_CONVERSION = YES;
				CLANG_WARN_OBJC_IMPLICIT_RETAIN_SELF = YES;
				CLANG_WARN_OBJC_LITERAL_CONVERSION = YES;
				CLANG_WARN_OBJC_ROOT_CLASS = YES_ERROR;
				CLANG_WARN_QUOTED_INCLUDE_IN_FRAMEWORK_HEADER = YES;
				CLANG_WARN_RANGE_LOOP_ANALYSIS = YES;
				CLANG_WARN_STRICT_PROTOTYPES = YES;
				CLANG_WARN_SUSPICIOUS_MOVE = YES;
				CLANG_WARN_UNREACHABLE_CODE = YES;
				CLANG_WARN__DUPLICATE_METHOD_MATCH = YES;
				"CODE_SIGN_IDENTITY[sdk=iphoneos*]" = "iPhone Developer";
				COPY_PHASE_STRIP = NO;
				ENABLE_STRICT_OBJC_MSGSEND = YES;
				ENABLE_TESTABILITY = YES;
				GCC_C_LANGUAGE_STANDARD = gnu99;
				GCC_DYNAMIC_NO_PIC = NO;
				GCC_NO_COMMON_BLOCKS = YES;
				GCC_OPTIMIZATION_LEVEL = 0;
				GCC_PREPROCESSOR_DEFINITIONS = (
					"DEBUG=1",
					"$(inherited)",
				);
				GCC_SYMBOLS_PRIVATE_EXTERN = NO;
				GCC_WARN_64_TO_32_BIT_CONVERSION = YES;
				GCC_WARN_ABOUT_RETURN_TYPE = YES_ERROR;
				GCC_WARN_UNDECLARED_SELECTOR = YES;
				GCC_WARN_UNINITIALIZED_AUTOS = YES_AGGRESSIVE;
				GCC_WARN_UNUSED_FUNCTION = YES;
				GCC_WARN_UNUSED_VARIABLE = YES;
				IPHONEOS_DEPLOYMENT_TARGET = 10.0;
				LD_RUNPATH_SEARCH_PATHS = (
					/usr/lib/swift,
					"$(inherited)",
				);
				LIBRARY_SEARCH_PATHS = (
					"\"$(TOOLCHAIN_DIR)/usr/lib/swift/$(PLATFORM_NAME)\"",
					"\"$(TOOLCHAIN_DIR)/usr/lib/swift-5.0/$(PLATFORM_NAME)\"",
					"\"$(inherited)\"",
				);
				MTL_ENABLE_DEBUG_INFO = YES;
				ONLY_ACTIVE_ARCH = YES;
				SDKROOT = iphoneos;
			};
			name = Debug;
		};
		83CBBA211A601CBA00E9B192 /* Release */ = {
			isa = XCBuildConfiguration;
			buildSettings = {
				ALWAYS_SEARCH_USER_PATHS = NO;
				CLANG_ANALYZER_LOCALIZABILITY_NONLOCALIZED = YES;
				CLANG_CXX_LANGUAGE_STANDARD = "gnu++0x";
				CLANG_CXX_LIBRARY = "libc++";
				CLANG_ENABLE_MODULES = YES;
				CLANG_ENABLE_OBJC_ARC = YES;
				CLANG_WARN_BLOCK_CAPTURE_AUTORELEASING = YES;
				CLANG_WARN_BOOL_CONVERSION = YES;
				CLANG_WARN_COMMA = YES;
				CLANG_WARN_CONSTANT_CONVERSION = YES;
				CLANG_WARN_DEPRECATED_OBJC_IMPLEMENTATIONS = YES;
				CLANG_WARN_DIRECT_OBJC_ISA_USAGE = YES_ERROR;
				CLANG_WARN_EMPTY_BODY = YES;
				CLANG_WARN_ENUM_CONVERSION = YES;
				CLANG_WARN_INFINITE_RECURSION = YES;
				CLANG_WARN_INT_CONVERSION = YES;
				CLANG_WARN_NON_LITERAL_NULL_CONVERSION = YES;
				CLANG_WARN_OBJC_IMPLICIT_RETAIN_SELF = YES;
				CLANG_WARN_OBJC_LITERAL_CONVERSION = YES;
				CLANG_WARN_OBJC_ROOT_CLASS = YES_ERROR;
				CLANG_WARN_QUOTED_INCLUDE_IN_FRAMEWORK_HEADER = YES;
				CLANG_WARN_RANGE_LOOP_ANALYSIS = YES;
				CLANG_WARN_STRICT_PROTOTYPES = YES;
				CLANG_WARN_SUSPICIOUS_MOVE = YES;
				CLANG_WARN_UNREACHABLE_CODE = YES;
				CLANG_WARN__DUPLICATE_METHOD_MATCH = YES;
				"CODE_SIGN_IDENTITY[sdk=iphoneos*]" = "iPhone Developer";
				COPY_PHASE_STRIP = YES;
				ENABLE_NS_ASSERTIONS = NO;
				ENABLE_STRICT_OBJC_MSGSEND = YES;
				GCC_C_LANGUAGE_STANDARD = gnu99;
				GCC_NO_COMMON_BLOCKS = YES;
				GCC_WARN_64_TO_32_BIT_CONVERSION = YES;
				GCC_WARN_ABOUT_RETURN_TYPE = YES_ERROR;
				GCC_WARN_UNDECLARED_SELECTOR = YES;
				GCC_WARN_UNINITIALIZED_AUTOS = YES_AGGRESSIVE;
				GCC_WARN_UNUSED_FUNCTION = YES;
				GCC_WARN_UNUSED_VARIABLE = YES;
				IPHONEOS_DEPLOYMENT_TARGET = 10.0;
				LD_RUNPATH_SEARCH_PATHS = (
					/usr/lib/swift,
					"$(inherited)",
				);
				LIBRARY_SEARCH_PATHS = (
					"\"$(TOOLCHAIN_DIR)/usr/lib/swift/$(PLATFORM_NAME)\"",
					"\"$(TOOLCHAIN_DIR)/usr/lib/swift-5.0/$(PLATFORM_NAME)\"",
					"\"$(inherited)\"",
				);
				MTL_ENABLE_DEBUG_INFO = NO;
				SDKROOT = iphoneos;
				VALIDATE_PRODUCT = YES;
			};
			name = Release;
		};
/* End XCBuildConfiguration section */

/* Begin XCConfigurationList section */
		00E357021AD99517003FC87E /* Build configuration list for PBXNativeTarget "Dieting_AppTests" */ = {
			isa = XCConfigurationList;
			buildConfigurations = (
				00E356F61AD99517003FC87E /* Debug */,
				00E356F71AD99517003FC87E /* Release */,
			);
			defaultConfigurationIsVisible = 0;
			defaultConfigurationName = Release;
		};
		13B07F931A680F5B00A75B9A /* Build configuration list for PBXNativeTarget "Dieting_App" */ = {
			isa = XCConfigurationList;
			buildConfigurations = (
				13B07F941A680F5B00A75B9A /* Debug */,
				13B07F951A680F5B00A75B9A /* Release */,
			);
			defaultConfigurationIsVisible = 0;
			defaultConfigurationName = Release;
		};
		83CBB9FA1A601CBA00E9B192 /* Build configuration list for PBXProject "Dieting_App" */ = {
			isa = XCConfigurationList;
			buildConfigurations = (
				83CBBA201A601CBA00E9B192 /* Debug */,
				83CBBA211A601CBA00E9B192 /* Release */,
			);
			defaultConfigurationIsVisible = 0;
			defaultConfigurationName = Release;
		};
/* End XCConfigurationList section */
	};
	rootObject = 83CBB9F71A601CBA00E9B192 /* Project object */;
}
